
Microsoft Visual Studio Solution File, Format Version 12.00
# Visual Studio Version 17
VisualStudioVersion = 17.3.32929.385
MinimumVisualStudioVersion = 10.0.40219.1
Project("{FAE04EC0-301F-11D3-BF4B-00C04F79EFBC}") = "LeerArchivo2022", "LeerArchivo2022\LeerArchivo2022.csproj", "{EF82CDF2-88B9-4F29-AC91-7AE1A5E2D50A}"
EndProject
Global
	GlobalSection(SolutionConfigurationPlatforms) = preSolution
		Debug|Any CPU = Debug|Any CPU
		Release|Any CPU = Release|Any CPU
	EndGlobalSection
	GlobalSection(ProjectConfigurationPlatforms) = postSolution
		{EF82CDF2-88B9-4F29-AC91-7AE1A5E2D50A}.Debug|Any CPU.ActiveCfg = Debug|Any CPU
		{EF82CDF2-88B9-4F29-AC91-7AE1A5E2D50A}.Debug|Any CPU.Build.0 = Debug|Any CPU
		{EF82CDF2-88B9-4F29-AC91-7AE1A5E2D50A}.Release|Any CPU.ActiveCfg = Release|Any CPU
		{EF82CDF2-88B9-4F29-AC91-7AE1A5E2D50A}.Release|Any CPU.Build.0 = Release|Any CPU
	EndGlobalSection
	GlobalSection(SolutionProperties) = preSolution
		HideSolutionNode = FALSE
	EndGlobalSection
	GlobalSection(ExtensibilityGlobals) = postSolution
		SolutionGuid = {7B7805EF-D31C-4019-8C5B-6FC67A72F6D1}
	EndGlobalSection
EndGlobal
